
Microsoft Visual Studio Solution File, Format Version 12.00
# Visual Studio Version 17
VisualStudioVersion = 17.0.31903.59
MinimumVisualStudioVersion = 10.0.40219.1
Project("{FAE04EC0-301F-11D3-BF4B-00C04F79EFBC}") = "SalesStock.Web", "SalesStock.Web\SalesStock.Web.csproj", "{1C45AE41-2320-41C4-9639-83966A590174}"
EndProject
Project("{FAE04EC0-301F-11D3-BF4B-00C04F79EFBC}") = "SalesStock.Application", "SalesStock.Application\SalesStock.Application.csproj", "{CA669116-D656-47E3-9389-7E1E4F3881F7}"
EndProject
Project("{FAE04EC0-301F-11D3-BF4B-00C04F79EFBC}") = "SalesStock.Domain", "SalesStock.Domain\SalesStock.Domain.csproj", "{5FBBBD21-580E-43F0-A1F0-911015E51C59}"
EndProject
Project("{FAE04EC0-301F-11D3-BF4B-00C04F79EFBC}") = "SalesStock.Infrastructure", "SalesStock.Infrastructure\SalesStock.Infrastructure.csproj", "{537184E6-3D3F-4ACE-B997-4A1A4BE28955}"
EndProject
Global
	GlobalSection(SolutionConfigurationPlatforms) = preSolution
		Debug|Any CPU = Debug|Any CPU
		Debug|x64 = Debug|x64
		Debug|x86 = Debug|x86
		Release|Any CPU = Release|Any CPU
		Release|x64 = Release|x64
		Release|x86 = Release|x86
	EndGlobalSection
	GlobalSection(ProjectConfigurationPlatforms) = postSolution
		{1C45AE41-2320-41C4-9639-83966A590174}.Debug|Any CPU.ActiveCfg = Debug|Any CPU
		{1C45AE41-2320-41C4-9639-83966A590174}.Debug|Any CPU.Build.0 = Debug|Any CPU
		{1C45AE41-2320-41C4-9639-83966A590174}.Debug|x64.ActiveCfg = Debug|Any CPU
		{1C45AE41-2320-41C4-9639-83966A590174}.Debug|x64.Build.0 = Debug|Any CPU
		{1C45AE41-2320-41C4-9639-83966A590174}.Debug|x86.ActiveCfg = Debug|Any CPU
		{1C45AE41-2320-41C4-9639-83966A590174}.Debug|x86.Build.0 = Debug|Any CPU
		{1C45AE41-2320-41C4-9639-83966A590174}.Release|Any CPU.ActiveCfg = Release|Any CPU
		{1C45AE41-2320-41C4-9639-83966A590174}.Release|Any CPU.Build.0 = Release|Any CPU
		{1C45AE41-2320-41C4-9639-83966A590174}.Release|x64.ActiveCfg = Release|Any CPU
		{1C45AE41-2320-41C4-9639-83966A590174}.Release|x64.Build.0 = Release|Any CPU
		{1C45AE41-2320-41C4-9639-83966A590174}.Release|x86.ActiveCfg = Release|Any CPU
		{1C45AE41-2320-41C4-9639-83966A590174}.Release|x86.Build.0 = Release|Any CPU
		{CA669116-D656-47E3-9389-7E1E4F3881F7}.Debug|Any CPU.ActiveCfg = Debug|Any CPU
		{CA669116-D656-47E3-9389-7E1E4F3881F7}.Debug|Any CPU.Build.0 = Debug|Any CPU
		{CA669116-D656-47E3-9389-7E1E4F3881F7}.Debug|x64.ActiveCfg = Debug|Any CPU
		{CA669116-D656-47E3-9389-7E1E4F3881F7}.Debug|x64.Build.0 = Debug|Any CPU
		{CA669116-D656-47E3-9389-7E1E4F3881F7}.Debug|x86.ActiveCfg = Debug|Any CPU
		{CA669116-D656-47E3-9389-7E1E4F3881F7}.Debug|x86.Build.0 = Debug|Any CPU
		{CA669116-D656-47E3-9389-7E1E4F3881F7}.Release|Any CPU.ActiveCfg = Release|Any CPU
		{CA669116-D656-47E3-9389-7E1E4F3881F7}.Release|Any CPU.Build.0 = Release|Any CPU
		{CA669116-D656-47E3-9389-7E1E4F3881F7}.Release|x64.ActiveCfg = Release|Any CPU
		{CA669116-D656-47E3-9389-7E1E4F3881F7}.Release|x64.Build.0 = Release|Any CPU
		{CA669116-D656-47E3-9389-7E1E4F3881F7}.Release|x86.ActiveCfg = Release|Any CPU
		{CA669116-D656-47E3-9389-7E1E4F3881F7}.Release|x86.Build.0 = Release|Any CPU
		{5FBBBD21-580E-43F0-A1F0-911015E51C59}.Debug|Any CPU.ActiveCfg = Debug|Any CPU
		{5FBBBD21-580E-43F0-A1F0-911015E51C59}.Debug|Any CPU.Build.0 = Debug|Any CPU
		{5FBBBD21-580E-43F0-A1F0-911015E51C59}.Debug|x64.ActiveCfg = Debug|Any CPU
		{5FBBBD21-580E-43F0-A1F0-911015E51C59}.Debug|x64.Build.0 = Debug|Any CPU
		{5FBBBD21-580E-43F0-A1F0-911015E51C59}.Debug|x86.ActiveCfg = Debug|Any CPU
		{5FBBBD21-580E-43F0-A1F0-911015E51C59}.Debug|x86.Build.0 = Debug|Any CPU
		{5FBBBD21-580E-43F0-A1F0-911015E51C59}.Release|Any CPU.ActiveCfg = Release|Any CPU
		{5FBBBD21-580E-43F0-A1F0-911015E51C59}.Release|Any CPU.Build.0 = Release|Any CPU
		{5FBBBD21-580E-43F0-A1F0-911015E51C59}.Release|x64.ActiveCfg = Release|Any CPU
		{5FBBBD21-580E-43F0-A1F0-911015E51C59}.Release|x64.Build.0 = Release|Any CPU
		{5FBBBD21-580E-43F0-A1F0-911015E51C59}.Release|x86.ActiveCfg = Release|Any CPU
		{5FBBBD21-580E-43F0-A1F0-911015E51C59}.Release|x86.Build.0 = Release|Any CPU
		{537184E6-3D3F-4ACE-B997-4A1A4BE28955}.Debug|Any CPU.ActiveCfg = Debug|Any CPU
		{537184E6-3D3F-4ACE-B997-4A1A4BE28955}.Debug|Any CPU.Build.0 = Debug|Any CPU
		{537184E6-3D3F-4ACE-B997-4A1A4BE28955}.Debug|x64.ActiveCfg = Debug|Any CPU
		{537184E6-3D3F-4ACE-B997-4A1A4BE28955}.Debug|x64.Build.0 = Debug|Any CPU
		{537184E6-3D3F-4ACE-B997-4A1A4BE28955}.Debug|x86.ActiveCfg = Debug|Any CPU
		{537184E6-3D3F-4ACE-B997-4A1A4BE28955}.Debug|x86.Build.0 = Debug|Any CPU
		{537184E6-3D3F-4ACE-B997-4A1A4BE28955}.Release|Any CPU.ActiveCfg = Release|Any CPU
		{537184E6-3D3F-4ACE-B997-4A1A4BE28955}.Release|Any CPU.Build.0 = Release|Any CPU
		{537184E6-3D3F-4ACE-B997-4A1A4BE28955}.Release|x64.ActiveCfg = Release|Any CPU
		{537184E6-3D3F-4ACE-B997-4A1A4BE28955}.Release|x64.Build.0 = Release|Any CPU
		{537184E6-3D3F-4ACE-B997-4A1A4BE28955}.Release|x86.ActiveCfg = Release|Any CPU
		{537184E6-3D3F-4ACE-B997-4A1A4BE28955}.Release|x86.Build.0 = Release|Any CPU
	EndGlobalSection
	GlobalSection(SolutionProperties) = preSolution
		HideSolutionNode = FALSE
	EndGlobalSection
EndGlobal
